
Microsoft Visual Studio Solution File, Format Version 12.00
# Visual Studio 15
VisualStudioVersion = 15.0.26124.0
MinimumVisualStudioVersion = 15.0.26124.0
Project("{FAE04EC0-301F-11D3-BF4B-00C04F79EFBC}") = "ProAgil.API", "ProAgil.API\ProAgil.API.csproj", "{703896C8-7A36-44C4-ABF3-EE1523CB248F}"
EndProject
Project("{FAE04EC0-301F-11D3-BF4B-00C04F79EFBC}") = "ProAgil.Repository", "ProAgil.Repository\ProAgil.Repository.csproj", "{0DE8DE71-6C16-41A0-A8A2-049E71BBE53F}"
EndProject
Project("{FAE04EC0-301F-11D3-BF4B-00C04F79EFBC}") = "ProAgil.Domain", "ProAgil.Domain\ProAgil.Domain.csproj", "{DCD7C7E7-0E41-485A-95EE-84217002C401}"
EndProject
Global
	GlobalSection(SolutionConfigurationPlatforms) = preSolution
		Debug|Any CPU = Debug|Any CPU
		Debug|x64 = Debug|x64
		Debug|x86 = Debug|x86
		Release|Any CPU = Release|Any CPU
		Release|x64 = Release|x64
		Release|x86 = Release|x86
	EndGlobalSection
	GlobalSection(SolutionProperties) = preSolution
		HideSolutionNode = FALSE
	EndGlobalSection
	GlobalSection(ProjectConfigurationPlatforms) = postSolution
		{703896C8-7A36-44C4-ABF3-EE1523CB248F}.Debug|Any CPU.ActiveCfg = Debug|Any CPU
		{703896C8-7A36-44C4-ABF3-EE1523CB248F}.Debug|Any CPU.Build.0 = Debug|Any CPU
		{703896C8-7A36-44C4-ABF3-EE1523CB248F}.Debug|x64.ActiveCfg = Debug|Any CPU
		{703896C8-7A36-44C4-ABF3-EE1523CB248F}.Debug|x64.Build.0 = Debug|Any CPU
		{703896C8-7A36-44C4-ABF3-EE1523CB248F}.Debug|x86.ActiveCfg = Debug|Any CPU
		{703896C8-7A36-44C4-ABF3-EE1523CB248F}.Debug|x86.Build.0 = Debug|Any CPU
		{703896C8-7A36-44C4-ABF3-EE1523CB248F}.Release|Any CPU.ActiveCfg = Release|Any CPU
		{703896C8-7A36-44C4-ABF3-EE1523CB248F}.Release|Any CPU.Build.0 = Release|Any CPU
		{703896C8-7A36-44C4-ABF3-EE1523CB248F}.Release|x64.ActiveCfg = Release|Any CPU
		{703896C8-7A36-44C4-ABF3-EE1523CB248F}.Release|x64.Build.0 = Release|Any CPU
		{703896C8-7A36-44C4-ABF3-EE1523CB248F}.Release|x86.ActiveCfg = Release|Any CPU
		{703896C8-7A36-44C4-ABF3-EE1523CB248F}.Release|x86.Build.0 = Release|Any CPU
		{0DE8DE71-6C16-41A0-A8A2-049E71BBE53F}.Debug|Any CPU.ActiveCfg = Debug|Any CPU
		{0DE8DE71-6C16-41A0-A8A2-049E71BBE53F}.Debug|Any CPU.Build.0 = Debug|Any CPU
		{0DE8DE71-6C16-41A0-A8A2-049E71BBE53F}.Debug|x64.ActiveCfg = Debug|Any CPU
		{0DE8DE71-6C16-41A0-A8A2-049E71BBE53F}.Debug|x64.Build.0 = Debug|Any CPU
		{0DE8DE71-6C16-41A0-A8A2-049E71BBE53F}.Debug|x86.ActiveCfg = Debug|Any CPU
		{0DE8DE71-6C16-41A0-A8A2-049E71BBE53F}.Debug|x86.Build.0 = Debug|Any CPU
		{0DE8DE71-6C16-41A0-A8A2-049E71BBE53F}.Release|Any CPU.ActiveCfg = Release|Any CPU
		{0DE8DE71-6C16-41A0-A8A2-049E71BBE53F}.Release|Any CPU.Build.0 = Release|Any CPU
		{0DE8DE71-6C16-41A0-A8A2-049E71BBE53F}.Release|x64.ActiveCfg = Release|Any CPU
		{0DE8DE71-6C16-41A0-A8A2-049E71BBE53F}.Release|x64.Build.0 = Release|Any CPU
		{0DE8DE71-6C16-41A0-A8A2-049E71BBE53F}.Release|x86.ActiveCfg = Release|Any CPU
		{0DE8DE71-6C16-41A0-A8A2-049E71BBE53F}.Release|x86.Build.0 = Release|Any CPU
		{DCD7C7E7-0E41-485A-95EE-84217002C401}.Debug|Any CPU.ActiveCfg = Debug|Any CPU
		{DCD7C7E7-0E41-485A-95EE-84217002C401}.Debug|Any CPU.Build.0 = Debug|Any CPU
		{DCD7C7E7-0E41-485A-95EE-84217002C401}.Debug|x64.ActiveCfg = Debug|Any CPU
		{DCD7C7E7-0E41-485A-95EE-84217002C401}.Debug|x64.Build.0 = Debug|Any CPU
		{DCD7C7E7-0E41-485A-95EE-84217002C401}.Debug|x86.ActiveCfg = Debug|Any CPU
		{DCD7C7E7-0E41-485A-95EE-84217002C401}.Debug|x86.Build.0 = Debug|Any CPU
		{DCD7C7E7-0E41-485A-95EE-84217002C401}.Release|Any CPU.ActiveCfg = Release|Any CPU
		{DCD7C7E7-0E41-485A-95EE-84217002C401}.Release|Any CPU.Build.0 = Release|Any CPU
		{DCD7C7E7-0E41-485A-95EE-84217002C401}.Release|x64.ActiveCfg = Release|Any CPU
		{DCD7C7E7-0E41-485A-95EE-84217002C401}.Release|x64.Build.0 = Release|Any CPU
		{DCD7C7E7-0E41-485A-95EE-84217002C401}.Release|x86.ActiveCfg = Release|Any CPU
		{DCD7C7E7-0E41-485A-95EE-84217002C401}.Release|x86.Build.0 = Release|Any CPU
	EndGlobalSection
EndGlobal
